
Microsoft Visual Studio Solution File, Format Version 12.00
# Visual Studio Version 17
VisualStudioVersion = 17.3.32929.385
MinimumVisualStudioVersion = 10.0.40219.1
Project("{FAE04EC0-301F-11D3-BF4B-00C04F79EFBC}") = "FНеделя2_Задание6_1", "FНеделя2_Задание6_1\FНеделя2_Задание6_1.csproj", "{9669DDE6-9819-4F0E-AD83-350DC0F8C359}"
EndProject
Global
	GlobalSection(SolutionConfigurationPlatforms) = preSolution
		Debug|Any CPU = Debug|Any CPU
		Release|Any CPU = Release|Any CPU
	EndGlobalSection
	GlobalSection(ProjectConfigurationPlatforms) = postSolution
		{9669DDE6-9819-4F0E-AD83-350DC0F8C359}.Debug|Any CPU.ActiveCfg = Debug|Any CPU
		{9669DDE6-9819-4F0E-AD83-350DC0F8C359}.Debug|Any CPU.Build.0 = Debug|Any CPU
		{9669DDE6-9819-4F0E-AD83-350DC0F8C359}.Release|Any CPU.ActiveCfg = Release|Any CPU
		{9669DDE6-9819-4F0E-AD83-350DC0F8C359}.Release|Any CPU.Build.0 = Release|Any CPU
	EndGlobalSection
	GlobalSection(SolutionProperties) = preSolution
		HideSolutionNode = FALSE
	EndGlobalSection
	GlobalSection(ExtensibilityGlobals) = postSolution
		SolutionGuid = {04481F70-C499-44CD-8CD1-92BCEB49B3ED}
	EndGlobalSection
EndGlobal
