
Microsoft Visual Studio Solution File, Format Version 12.00
# Visual Studio Version 17
VisualStudioVersion = 17.3.32929.385
MinimumVisualStudioVersion = 10.0.40219.1
Project("{FAE04EC0-301F-11D3-BF4B-00C04F79EFBC}") = "FНеделя4_Задание12", "FНеделя4_Задание12\FНеделя4_Задание12.csproj", "{A200AEDC-A86A-434B-91CD-5EDD7789CDF7}"
EndProject
Global
	GlobalSection(SolutionConfigurationPlatforms) = preSolution
		Debug|Any CPU = Debug|Any CPU
		Release|Any CPU = Release|Any CPU
	EndGlobalSection
	GlobalSection(ProjectConfigurationPlatforms) = postSolution
		{A200AEDC-A86A-434B-91CD-5EDD7789CDF7}.Debug|Any CPU.ActiveCfg = Debug|Any CPU
		{A200AEDC-A86A-434B-91CD-5EDD7789CDF7}.Debug|Any CPU.Build.0 = Debug|Any CPU
		{A200AEDC-A86A-434B-91CD-5EDD7789CDF7}.Release|Any CPU.ActiveCfg = Release|Any CPU
		{A200AEDC-A86A-434B-91CD-5EDD7789CDF7}.Release|Any CPU.Build.0 = Release|Any CPU
	EndGlobalSection
	GlobalSection(SolutionProperties) = preSolution
		HideSolutionNode = FALSE
	EndGlobalSection
	GlobalSection(ExtensibilityGlobals) = postSolution
		SolutionGuid = {787E3007-C55F-4FE6-B1CE-69A62170E07F}
	EndGlobalSection
EndGlobal
